// !$*UTF8*$!
{
	archiveVersion = 1;
	classes = {
	};
	objectVersion = 46;
	objects = {

/* Begin PBXBuildFile section */
		3F7685571E042237005390C1 /* AppDelegate.swift in Sources */ = {isa = PBXBuildFile; fileRef = 3F7685561E042237005390C1 /* AppDelegate.swift */; };
		3F7685591E042237005390C1 /* ViewController.swift in Sources */ = {isa = PBXBuildFile; fileRef = 3F7685581E042237005390C1 /* ViewController.swift */; };
		3F76855C1E042237005390C1 /* Main.storyboard in Resources */ = {isa = PBXBuildFile; fileRef = 3F76855A1E042237005390C1 /* Main.storyboard */; };
		3F76855E1E042237005390C1 /* Assets.xcassets in Resources */ = {isa = PBXBuildFile; fileRef = 3F76855D1E042237005390C1 /* Assets.xcassets */; };
		3F7685611E042237005390C1 /* LaunchScreen.storyboard in Resources */ = {isa = PBXBuildFile; fileRef = 3F76855F1E042237005390C1 /* LaunchScreen.storyboard */; };
		3F76856C1E042238005390C1 /* CoinTossTests.swift in Sources */ = {isa = PBXBuildFile; fileRef = 3F76856B1E042238005390C1 /* CoinTossTests.swift */; };
		3F7685771E042238005390C1 /* CoinTossUITests.swift in Sources */ = {isa = PBXBuildFile; fileRef = 3F7685761E042238005390C1 /* CoinTossUITests.swift */; };
		3F8BACDF1E081B7A00A03691 /* Second.swift in Sources */ = {isa = PBXBuildFile; fileRef = 3F8BACDE1E081B7A00A03691 /* Second.swift */; };
/* End PBXBuildFile section */

/* Begin PBXContainerItemProxy section */
		3F7685681E042238005390C1 /* PBXContainerItemProxy */ = {
			isa = PBXContainerItemProxy;
			containerPortal = 3F76854B1E042237005390C1 /* Project object */;
			proxyType = 1;
			remoteGlobalIDString = 3F7685521E042237005390C1;
			remoteInfo = CoinToss;
		};
		3F7685731E042238005390C1 /* PBXContainerItemProxy */ = {
			isa = PBXContainerItemProxy;
			containerPortal = 3F76854B1E042237005390C1 /* Project object */;
			proxyType = 1;
			remoteGlobalIDString = 3F7685521E042237005390C1;
			remoteInfo = CoinToss;
		};
/* End PBXContainerItemProxy section */

/* Begin PBXFileReference section */
		3F7685531E042237005390C1 /* CoinToss.app */ = {isa = PBXFileReference; explicitFileType = wrapper.application; includeInIndex = 0; path = CoinToss.app; sourceTree = BUILT_PRODUCTS_DIR; };
		3F7685561E042237005390C1 /* AppDelegate.swift */ = {isa = PBXFileReference; lastKnownFileType = sourcecode.swift; path = AppDelegate.swift; sourceTree = "<group>"; };
		3F7685581E042237005390C1 /* ViewController.swift */ = {isa = PBXFileReference; lastKnownFileType = sourcecode.swift; path = ViewController.swift; sourceTree = "<group>"; };
		3F76855B1E042237005390C1 /* Base */ = {isa = PBXFileReference; lastKnownFileType = file.storyboard; name = Base; path = Base.lproj/Main.storyboard; sourceTree = "<group>"; };
		3F76855D1E042237005390C1 /* Assets.xcassets */ = {isa = PBXFileReference; lastKnownFileType = folder.assetcatalog; path = Assets.xcassets; sourceTree = "<group>"; };
		3F7685601E042237005390C1 /* Base */ = {isa = PBXFileReference; lastKnownFileType = file.storyboard; name = Base; path = Base.lproj/LaunchScreen.storyboard; sourceTree = "<group>"; };
		3F7685621E042237005390C1 /* Info.plist */ = {isa = PBXFileReference; lastKnownFileType = text.plist.xml; path = Info.plist; sourceTree = "<group>"; };
		3F7685671E042238005390C1 /* CoinTossTests.xctest */ = {isa = PBXFileReference; explicitFileType = wrapper.cfbundle; includeInIndex = 0; path = CoinTossTests.xctest; sourceTree = BUILT_PRODUCTS_DIR; };
		3F76856B1E042238005390C1 /* CoinTossTests.swift */ = {isa = PBXFileReference; lastKnownFileType = sourcecode.swift; path = CoinTossTests.swift; sourceTree = "<group>"; };
		3F76856D1E042238005390C1 /* Info.plist */ = {isa = PBXFileReference; lastKnownFileType = text.plist.xml; path = Info.plist; sourceTree = "<group>"; };
		3F7685721E042238005390C1 /* CoinTossUITests.xctest */ = {isa = PBXFileReference; explicitFileType = wrapper.cfbundle; includeInIndex = 0; path = CoinTossUITests.xctest; sourceTree = BUILT_PRODUCTS_DIR; };
		3F7685761E042238005390C1 /* CoinTossUITests.swift */ = {isa = PBXFileReference; lastKnownFileType = sourcecode.swift; path = CoinTossUITests.swift; sourceTree = "<group>"; };
		3F7685781E042238005390C1 /* Info.plist */ = {isa = PBXFileReference; lastKnownFileType = text.plist.xml; path = Info.plist; sourceTree = "<group>"; };
		3F8BACDE1E081B7A00A03691 /* Second.swift */ = {isa = PBXFileReference; fileEncoding = 4; lastKnownFileType = sourcecode.swift; path = Second.swift; sourceTree = "<group>"; };
/* End PBXFileReference section */

/* Begin PBXFrameworksBuildPhase section */
		3F7685501E042237005390C1 /* Frameworks */ = {
			isa = PBXFrameworksBuildPhase;
			buildActionMask = 2147483647;
			files = (
			);
			runOnlyForDeploymentPostprocessing = 0;
		};
		3F7685641E042238005390C1 /* Frameworks */ = {
			isa = PBXFrameworksBuildPhase;
			buildActionMask = 2147483647;
			files = (
			);
			runOnlyForDeploymentPostprocessing = 0;
		};
		3F76856F1E042238005390C1 /* Frameworks */ = {
			isa = PBXFrameworksBuildPhase;
			buildActionMask = 2147483647;
			files = (
			);
			runOnlyForDeploymentPostprocessing = 0;
		};
/* End PBXFrameworksBuildPhase section */

/* Begin PBXGroup section */
		3F76854A1E042237005390C1 = {
			isa = PBXGroup;
			children = (
				3F7685551E042237005390C1 /* CoinToss */,
				3F76856A1E042238005390C1 /* CoinTossTests */,
				3F7685751E042238005390C1 /* CoinTossUITests */,
				3F7685541E042237005390C1 /* Products */,
			);
			sourceTree = "<group>";
		};
		3F7685541E042237005390C1 /* Products */ = {
			isa = PBXGroup;
			children = (
				3F7685531E042237005390C1 /* CoinToss.app */,
				3F7685671E042238005390C1 /* CoinTossTests.xctest */,
				3F7685721E042238005390C1 /* CoinTossUITests.xctest */,
			);
			name = Products;
			sourceTree = "<group>";
		};
		3F7685551E042237005390C1 /* CoinToss */ = {
			isa = PBXGroup;
			children = (
				3F7685561E042237005390C1 /* AppDelegate.swift */,
				3F7685581E042237005390C1 /* ViewController.swift */,
				3F76855A1E042237005390C1 /* Main.storyboard */,
				3F8BACDE1E081B7A00A03691 /* Second.swift */,
				3F76855D1E042237005390C1 /* Assets.xcassets */,
				3F76855F1E042237005390C1 /* LaunchScreen.storyboard */,
				3F7685621E042237005390C1 /* Info.plist */,
			);
			path = CoinToss;
			sourceTree = "<group>";
		};
		3F76856A1E042238005390C1 /* CoinTossTests */ = {
			isa = PBXGroup;
			children = (
				3F76856B1E042238005390C1 /* CoinTossTests.swift */,
				3F76856D1E042238005390C1 /* Info.plist */,
			);
			path = CoinTossTests;
			sourceTree = "<group>";
		};
		3F7685751E042238005390C1 /* CoinTossUITests */ = {
			isa = PBXGroup;
			children = (
				3F7685761E042238005390C1 /* CoinTossUITests.swift */,
				3F7685781E042238005390C1 /* Info.plist */,
			);
			path = CoinTossUITests;
			sourceTree = "<group>";
		};
/* End PBXGroup section */

/* Begin PBXNativeTarget section */
		3F7685521E042237005390C1 /* CoinToss */ = {
			isa = PBXNativeTarget;
			buildConfigurationList = 3F76857B1E042238005390C1 /* Build configuration list for PBXNativeTarget "CoinToss" */;
			buildPhases = (
				3F76854F1E042237005390C1 /* Sources */,
				3F7685501E042237005390C1 /* Frameworks */,
				3F7685511E042237005390C1 /* Resources */,
			);
			buildRules = (
			);
			dependencies = (
			);
			name = CoinToss;
			productName = CoinToss;
			productReference = 3F7685531E042237005390C1 /* CoinToss.app */;
			productType = "com.apple.product-type.application";
		};
		3F7685661E042238005390C1 /* CoinTossTests */ = {
			isa = PBXNativeTarget;
			buildConfigurationList = 3F76857E1E042238005390C1 /* Build configuration list for PBXNativeTarget "CoinTossTests" */;
			buildPhases = (
				3F7685631E042238005390C1 /* Sources */,
				3F7685641E042238005390C1 /* Frameworks */,
				3F7685651E042238005390C1 /* Resources */,
			);
			buildRules = (
			);
			dependencies = (
				3F7685691E042238005390C1 /* PBXTargetDependency */,
			);
			name = CoinTossTests;
			productName = CoinTossTests;
			productReference = 3F7685671E042238005390C1 /* CoinTossTests.xctest */;
			productType = "com.apple.product-type.bundle.unit-test";
		};
		3F7685711E042238005390C1 /* CoinTossUITests */ = {
			isa = PBXNativeTarget;
			buildConfigurationList = 3F7685811E042238005390C1 /* Build configuration list for PBXNativeTarget "CoinTossUITests" */;
			buildPhases = (
				3F76856E1E042238005390C1 /* Sources */,
				3F76856F1E042238005390C1 /* Frameworks */,
				3F7685701E042238005390C1 /* Resources */,
			);
			buildRules = (
			);
			dependencies = (
				3F7685741E042238005390C1 /* PBXTargetDependency */,
			);
			name = CoinTossUITests;
			productName = CoinTossUITests;
			productReference = 3F7685721E042238005390C1 /* CoinTossUITests.xctest */;
			productType = "com.apple.product-type.bundle.ui-testing";
		};
/* End PBXNativeTarget section */

/* Begin PBXProject section */
		3F76854B1E042237005390C1 /* Project object */ = {
			isa = PBXProject;
			attributes = {
				LastSwiftUpdateCheck = 0810;
				LastUpgradeCheck = 0810;
				ORGANIZATIONNAME = Student;
				TargetAttributes = {
					3F7685521E042237005390C1 = {
						CreatedOnToolsVersion = 8.1;
						ProvisioningStyle = Automatic;
					};
					3F7685661E042238005390C1 = {
						CreatedOnToolsVersion = 8.1;
						ProvisioningStyle = Automatic;
						TestTargetID = 3F7685521E042237005390C1;
					};
					3F7685711E042238005390C1 = {
						CreatedOnToolsVersion = 8.1;
						ProvisioningStyle = Automatic;
						TestTargetID = 3F7685521E042237005390C1;
					};
				};
			};
			buildConfigurationList = 3F76854E1E042237005390C1 /* Build configuration list for PBXProject "CoinToss" */;
			compatibilityVersion = "Xcode 3.2";
			developmentRegion = English;
			hasScannedForEncodings = 0;
			knownRegions = (
				en,
				Base,
			);
			mainGroup = 3F76854A1E042237005390C1;
			productRefGroup = 3F7685541E042237005390C1 /* Products */;
			projectDirPath = "";
			projectRoot = "";
			targets = (
				3F7685521E042237005390C1 /* CoinToss */,
				3F7685661E042238005390C1 /* CoinTossTests */,
				3F7685711E042238005390C1 /* CoinTossUITests */,
			);
		};
/* End PBXProject section */

/* Begin PBXResourcesBuildPhase section */
		3F7685511E042237005390C1 /* Resources */ = {
			isa = PBXResourcesBuildPhase;
			buildActionMask = 2147483647;
			files = (
				3F7685611E042237005390C1 /* LaunchScreen.storyboard in Resources */,
				3F76855E1E042237005390C1 /* Assets.xcassets in Resources */,
				3F76855C1E042237005390C1 /* Main.storyboard in Resources */,
			);
			runOnlyForDeploymentPostprocessing = 0;
		};
		3F7685651E042238005390C1 /* Resources */ = {
			isa = PBXResourcesBuildPhase;
			buildActionMask = 2147483647;
			files = (
			);
			runOnlyForDeploymentPostprocessing = 0;
		};
		3F7685701E042238005390C1 /* Resources */ = {
			isa = PBXResourcesBuildPhase;
			buildActionMask = 2147483647;
			files = (
			);
			runOnlyForDeploymentPostprocessing = 0;
		};
/* End PBXResourcesBuildPhase section */

/* Begin PBXSourcesBuildPhase section */
		3F76854F1E042237005390C1 /* Sources */ = {
			isa = PBXSourcesBuildPhase;
			buildActionMask = 2147483647;
			files = (
				3F7685591E042237005390C1 /* ViewController.swift in Sources */,
				3F7685571E042237005390C1 /* AppDelegate.swift in Sources */,
				3F8BACDF1E081B7A00A03691 /* Second.swift in Sources */,
			);
			runOnlyForDeploymentPostprocessing = 0;
		};
		3F7685631E042238005390C1 /* Sources */ = {
			isa = PBXSourcesBuildPhase;
			buildActionMask = 2147483647;
			files = (
				3F76856C1E042238005390C1 /* CoinTossTests.swift in Sources */,
			);
			runOnlyForDeploymentPostprocessing = 0;
		};
		3F76856E1E042238005390C1 /* Sources */ = {
			isa = PBXSourcesBuildPhase;
			buildActionMask = 2147483647;
			files = (
				3F7685771E042238005390C1 /* CoinTossUITests.swift in Sources */,
			);
			runOnlyForDeploymentPostprocessing = 0;
		};
/* End PBXSourcesBuildPhase section */

/* Begin PBXTargetDependency section */
		3F7685691E042238005390C1 /* PBXTargetDependency */ = {
			isa = PBXTargetDependency;
			target = 3F7685521E042237005390C1 /* CoinToss */;
			targetProxy = 3F7685681E042238005390C1 /* PBXContainerItemProxy */;
		};
		3F7685741E042238005390C1 /* PBXTargetDependency */ = {
			isa = PBXTargetDependency;
			target = 3F7685521E042237005390C1 /* CoinToss */;
			targetProxy = 3F7685731E042238005390C1 /* PBXContainerItemProxy */;
		};
/* End PBXTargetDependency section */

/* Begin PBXVariantGroup section */
		3F76855A1E042237005390C1 /* Main.storyboard */ = {
			isa = PBXVariantGroup;
			children = (
				3F76855B1E042237005390C1 /* Base */,
			);
			name = Main.storyboard;
			sourceTree = "<group>";
		};
		3F76855F1E042237005390C1 /* LaunchScreen.storyboard */ = {
			isa = PBXVariantGroup;
			children = (
				3F7685601E042237005390C1 /* Base */,
			);
			name = LaunchScreen.storyboard;
			sourceTree = "<group>";
		};
/* End PBXVariantGroup section */

/* Begin XCBuildConfiguration section */
		3F7685791E042238005390C1 /* Debug */ = {
			isa = XCBuildConfiguration;
			buildSettings = {
				ALWAYS_SEARCH_USER_PATHS = NO;
				CLANG_ANALYZER_NONNULL = YES;
				CLANG_CXX_LANGUAGE_STANDARD = "gnu++0x";
				CLANG_CXX_LIBRARY = "libc++";
				CLANG_ENABLE_MODULES = YES;
				CLANG_ENABLE_OBJC_ARC = YES;
				CLANG_WARN_BOOL_CONVERSION = YES;
				CLANG_WARN_CONSTANT_CONVERSION = YES;
				CLANG_WARN_DIRECT_OBJC_ISA_USAGE = YES_ERROR;
				CLANG_WARN_DOCUMENTATION_COMMENTS = YES;
				CLANG_WARN_EMPTY_BODY = YES;
				CLANG_WARN_ENUM_CONVERSION = YES;
				CLANG_WARN_INFINITE_RECURSION = YES;
				CLANG_WARN_INT_CONVERSION = YES;
				CLANG_WARN_OBJC_ROOT_CLASS = YES_ERROR;
				CLANG_WARN_SUSPICIOUS_MOVES = YES;
				CLANG_WARN_UNREACHABLE_CODE = YES;
				CLANG_WARN__DUPLICATE_METHOD_MATCH = YES;
				"CODE_SIGN_IDENTITY[sdk=iphoneos*]" = "iPhone Developer";
				COPY_PHASE_STRIP = NO;
				DEBUG_INFORMATION_FORMAT = dwarf;
				ENABLE_STRICT_OBJC_MSGSEND = YES;
				ENABLE_TESTABILITY = YES;
				GCC_C_LANGUAGE_STANDARD = gnu99;
				GCC_DYNAMIC_NO_PIC = NO;
				GCC_NO_COMMON_BLOCKS = YES;
				GCC_OPTIMIZATION_LEVEL = 0;
				GCC_PREPROCESSOR_DEFINITIONS = (
					"DEBUG=1",
					"$(inherited)",
				);
				GCC_WARN_64_TO_32_BIT_CONVERSION = YES;
				GCC_WARN_ABOUT_RETURN_TYPE = YES_ERROR;
				GCC_WARN_UNDECLARED_SELECTOR = YES;
				GCC_WARN_UNINITIALIZED_AUTOS = YES_AGGRESSIVE;
				GCC_WARN_UNUSED_FUNCTION = YES;
				GCC_WARN_UNUSED_VARIABLE = YES;
				IPHONEOS_DEPLOYMENT_TARGET = 10.1;
				MTL_ENABLE_DEBUG_INFO = YES;
				ONLY_ACTIVE_ARCH = YES;
				SDKROOT = iphoneos;
				SWIFT_ACTIVE_COMPILATION_CONDITIONS = DEBUG;
				SWIFT_OPTIMIZATION_LEVEL = "-Onone";
				TARGETED_DEVICE_FAMILY = "1,2";
			};
			name = Debug;
		};
		3F76857A1E042238005390C1 /* Release */ = {
			isa = XCBuildConfiguration;
			buildSettings = {
				ALWAYS_SEARCH_USER_PATHS = NO;
				CLANG_ANALYZER_NONNULL = YES;
				CLANG_CXX_LANGUAGE_STANDARD = "gnu++0x";
				CLANG_CXX_LIBRARY = "libc++";
				CLANG_ENABLE_MODULES = YES;
				CLANG_ENABLE_OBJC_ARC = YES;
				CLANG_WARN_BOOL_CONVERSION = YES;
				CLANG_WARN_CONSTANT_CONVERSION = YES;
				CLANG_WARN_DIRECT_OBJC_ISA_USAGE = YES_ERROR;
				CLANG_WARN_DOCUMENTATION_COMMENTS = YES;
				CLANG_WARN_EMPTY_BODY = YES;
				CLANG_WARN_ENUM_CONVERSION = YES;
				CLANG_WARN_INFINITE_RECURSION = YES;
				CLANG_WARN_INT_CONVERSION = YES;
				CLANG_WARN_OBJC_ROOT_CLASS = YES_ERROR;
				CLANG_WARN_SUSPICIOUS_MOVES = YES;
				CLANG_WARN_UNREACHABLE_CODE = YES;
				CLANG_WARN__DUPLICATE_METHOD_MATCH = YES;
				"CODE_SIGN_IDENTITY[sdk=iphoneos*]" = "iPhone Developer";
				COPY_PHASE_STRIP = NO;
				DEBUG_INFORMATION_FORMAT = "dwarf-with-dsym";
				ENABLE_NS_ASSERTIONS = NO;
				ENABLE_STRICT_OBJC_MSGSEND = YES;
				GCC_C_LANGUAGE_STANDARD = gnu99;
				GCC_NO_COMMON_BLOCKS = YES;
				GCC_WARN_64_TO_32_BIT_CONVERSION = YES;
				GCC_WARN_ABOUT_RETURN_TYPE = YES_ERROR;
				GCC_WARN_UNDECLARED_SELECTOR = YES;
				GCC_WARN_UNINITIALIZED_AUTOS = YES_AGGRESSIVE;
				GCC_WARN_UNUSED_FUNCTION = YES;
				GCC_WARN_UNUSED_VARIABLE = YES;
				IPHONEOS_DEPLOYMENT_TARGET = 10.1;
				MTL_ENABLE_DEBUG_INFO = NO;
				SDKROOT = iphoneos;
				SWIFT_OPTIMIZATION_LEVEL = "-Owholemodule";
				TARGETED_DEVICE_FAMILY = "1,2";
				VALIDATE_PRODUCT = YES;
			};
			name = Release;
		};
		3F76857C1E042238005390C1 /* Debug */ = {
			isa = XCBuildConfiguration;
			buildSettings = {
				ASSETCATALOG_COMPILER_APPICON_NAME = AppIcon;
				INFOPLIST_FILE = CoinToss/Info.plist;
				LD_RUNPATH_SEARCH_PATHS = "$(inherited) @executable_path/Frameworks";
				PRODUCT_BUNDLE_IDENTIFIER = bhs.CoinToss;
				PRODUCT_NAME = "$(TARGET_NAME)";
				SWIFT_VERSION = 3.0;
			};
			name = Debug;
		};
		3F76857D1E042238005390C1 /* Release */ = {
			isa = XCBuildConfiguration;
			buildSettings = {
				ASSETCATALOG_COMPILER_APPICON_NAME = AppIcon;
				INFOPLIST_FILE = CoinToss/Info.plist;
				LD_RUNPATH_SEARCH_PATHS = "$(inherited) @executable_path/Frameworks";
				PRODUCT_BUNDLE_IDENTIFIER = bhs.CoinToss;
				PRODUCT_NAME = "$(TARGET_NAME)";
				SWIFT_VERSION = 3.0;
			};
			name = Release;
		};
		3F76857F1E042238005390C1 /* Debug */ = {
			isa = XCBuildConfiguration;
			buildSettings = {
				ALWAYS_EMBED_SWIFT_STANDARD_LIBRARIES = YES;
				BUNDLE_LOADER = "$(TEST_HOST)";
				INFOPLIST_FILE = CoinTossTests/Info.plist;
				LD_RUNPATH_SEARCH_PATHS = "$(inherited) @executable_path/Frameworks @loader_path/Frameworks";
				PRODUCT_BUNDLE_IDENTIFIER = bhs.CoinTossTests;
				PRODUCT_NAME = "$(TARGET_NAME)";
				SWIFT_VERSION = 3.0;
				TEST_HOST = "$(BUILT_PRODUCTS_DIR)/CoinToss.app/CoinToss";
			};
			name = Debug;
		};
		3F7685801E042238005390C1 /* Release */ = {
			isa = XCBuildConfiguration;
			buildSettings = {
				ALWAYS_EMBED_SWIFT_STANDARD_LIBRARIES = YES;
				BUNDLE_LOADER = "$(TEST_HOST)";
				INFOPLIST_FILE = CoinTossTests/Info.plist;
				LD_RUNPATH_SEARCH_PATHS = "$(inherited) @executable_path/Frameworks @loader_path/Frameworks";
				PRODUCT_BUNDLE_IDENTIFIER = bhs.CoinTossTests;
				PRODUCT_NAME = "$(TARGET_NAME)";
				SWIFT_VERSION = 3.0;
				TEST_HOST = "$(BUILT_PRODUCTS_DIR)/CoinToss.app/CoinToss";
			};
			name = Release;
		};
		3F7685821E042238005390C1 /* Debug */ = {
			isa = XCBuildConfiguration;
			buildSettings = {
				ALWAYS_EMBED_SWIFT_STANDARD_LIBRARIES = YES;
				INFOPLIST_FILE = CoinTossUITests/Info.plist;
				LD_RUNPATH_SEARCH_PATHS = "$(inherited) @executable_path/Frameworks @loader_path/Frameworks";
				PRODUCT_BUNDLE_IDENTIFIER = bhs.CoinTossUITests;
				PRODUCT_NAME = "$(TARGET_NAME)";
				SWIFT_VERSION = 3.0;
				TEST_TARGET_NAME = CoinToss;
			};
			name = Debug;
		};
		3F7685831E042238005390C1 /* Release */ = {
			isa = XCBuildConfiguration;
			buildSettings = {
				ALWAYS_EMBED_SWIFT_STANDARD_LIBRARIES = YES;
				INFOPLIST_FILE = CoinTossUITests/Info.plist;
				LD_RUNPATH_SEARCH_PATHS = "$(inherited) @executable_path/Frameworks @loader_path/Frameworks";
				PRODUCT_BUNDLE_IDENTIFIER = bhs.CoinTossUITests;
				PRODUCT_NAME = "$(TARGET_NAME)";
				SWIFT_VERSION = 3.0;
				TEST_TARGET_NAME = CoinToss;
			};
			name = Release;
		};
/* End XCBuildConfiguration section */

/* Begin XCConfigurationList section */
		3F76854E1E042237005390C1 /* Build configuration list for PBXProject "CoinToss" */ = {
			isa = XCConfigurationList;
			buildConfigurations = (
				3F7685791E042238005390C1 /* Debug */,
				3F76857A1E042238005390C1 /* Release */,
			);
			defaultConfigurationIsVisible = 0;
			defaultConfigurationName = Release;
		};
		3F76857B1E042238005390C1 /* Build configuration list for PBXNativeTarget "CoinToss" */ = {
			isa = XCConfigurationList;
			buildConfigurations = (
				3F76857C1E042238005390C1 /* Debug */,
				3F76857D1E042238005390C1 /* Release */,
			);
			defaultConfigurationIsVisible = 0;
			defaultConfigurationName = Release;
		};
		3F76857E1E042238005390C1 /* Build configuration list for PBXNativeTarget "CoinTossTests" */ = {
			isa = XCConfigurationList;
			buildConfigurations = (
				3F76857F1E042238005390C1 /* Debug */,
				3F7685801E042238005390C1 /* Release */,
			);
			defaultConfigurationIsVisible = 0;
			defaultConfigurationName = Release;
		};
		3F7685811E042238005390C1 /* Build configuration list for PBXNativeTarget "CoinTossUITests" */ = {
			isa = XCConfigurationList;
			buildConfigurations = (
				3F7685821E042238005390C1 /* Debug */,
				3F7685831E042238005390C1 /* Release */,
			);
			defaultConfigurationIsVisible = 0;
			defaultConfigurationName = Release;
		};
/* End XCConfigurationList section */
	};
	rootObject = 3F76854B1E042237005390C1 /* Project object */;
}
